// !$*UTF8*$!
{
	archiveVersion = 1;
	classes = {
	};
	objectVersion = 46;
	objects = {

/* Begin PBXBuildFile section */
		FA203A011D08EF7A004C1DA5 /* ScreamingParty.h in Headers */ = {isa = PBXBuildFile; fileRef = FA203A001D08EF7A004C1DA5 /* ScreamingParty.h */; settings = {ATTRIBUTES = (Public, ); }; };
		FA203A081D08EF7A004C1DA5 /* ScreamingParty.framework in Frameworks */ = {isa = PBXBuildFile; fileRef = FA2039FD1D08EF7A004C1DA5 /* ScreamingParty.framework */; };
		FA203A0D1D08EF7A004C1DA5 /* ScreamingPartyTests.swift in Sources */ = {isa = PBXBuildFile; fileRef = FA203A0C1D08EF7A004C1DA5 /* ScreamingPartyTests.swift */; };
		FA203A1A1D0901E5004C1DA5 /* ThenTests.swift in Sources */ = {isa = PBXBuildFile; fileRef = FA203A191D0901E5004C1DA5 /* ThenTests.swift */; };
		FA4D57B91D0C46E800F5BBC3 /* Then.swift in Sources */ = {isa = PBXBuildFile; fileRef = FA4D57B71D0C46E800F5BBC3 /* Then.swift */; };
/* End PBXBuildFile section */

/* Begin PBXContainerItemProxy section */
		FA203A091D08EF7A004C1DA5 /* PBXContainerItemProxy */ = {
			isa = PBXContainerItemProxy;
			containerPortal = FA2039F41D08EF7A004C1DA5 /* Project object */;
			proxyType = 1;
			remoteGlobalIDString = FA2039FC1D08EF7A004C1DA5;
			remoteInfo = ScreamingParty;
		};
/* End PBXContainerItemProxy section */

/* Begin PBXFileReference section */
		FA2039FD1D08EF7A004C1DA5 /* ScreamingParty.framework */ = {isa = PBXFileReference; explicitFileType = wrapper.framework; includeInIndex = 0; path = ScreamingParty.framework; sourceTree = BUILT_PRODUCTS_DIR; };
		FA203A001D08EF7A004C1DA5 /* ScreamingParty.h */ = {isa = PBXFileReference; lastKnownFileType = sourcecode.c.h; path = ScreamingParty.h; sourceTree = "<group>"; };
		FA203A021D08EF7A004C1DA5 /* Info.plist */ = {isa = PBXFileReference; lastKnownFileType = text.plist.xml; path = Info.plist; sourceTree = "<group>"; };
		FA203A071D08EF7A004C1DA5 /* ScreamingPartyTests.xctest */ = {isa = PBXFileReference; explicitFileType = wrapper.cfbundle; includeInIndex = 0; path = ScreamingPartyTests.xctest; sourceTree = BUILT_PRODUCTS_DIR; };
		FA203A0C1D08EF7A004C1DA5 /* ScreamingPartyTests.swift */ = {isa = PBXFileReference; lastKnownFileType = sourcecode.swift; path = ScreamingPartyTests.swift; sourceTree = "<group>"; };
		FA203A0E1D08EF7A004C1DA5 /* Info.plist */ = {isa = PBXFileReference; lastKnownFileType = text.plist.xml; path = Info.plist; sourceTree = "<group>"; };
		FA203A191D0901E5004C1DA5 /* ThenTests.swift */ = {isa = PBXFileReference; fileEncoding = 4; lastKnownFileType = sourcecode.swift; path = ThenTests.swift; sourceTree = "<group>"; };
		FA203A281D09B336004C1DA5 /* LICENSE */ = {isa = PBXFileReference; lastKnownFileType = text; name = LICENSE; path = ../LICENSE; sourceTree = "<group>"; };
		FA203A291D09B336004C1DA5 /* README.md */ = {isa = PBXFileReference; lastKnownFileType = net.daringfireball.markdown; name = README.md; path = ../README.md; sourceTree = "<group>"; };
		FA203A2A1D09B4DB004C1DA5 /* .gitignore */ = {isa = PBXFileReference; fileEncoding = 4; lastKnownFileType = text; name = .gitignore; path = ../../.gitignore; sourceTree = "<group>"; };
		FA4D57B31D0C46DE00F5BBC3 /* .gitkeep */ = {isa = PBXFileReference; fileEncoding = 4; lastKnownFileType = text; path = .gitkeep; sourceTree = "<group>"; };
		FA4D57B61D0C46E800F5BBC3 /* .gitkeep */ = {isa = PBXFileReference; fileEncoding = 4; lastKnownFileType = text; path = .gitkeep; sourceTree = "<group>"; };
		FA4D57B71D0C46E800F5BBC3 /* Then.swift */ = {isa = PBXFileReference; fileEncoding = 4; lastKnownFileType = sourcecode.swift; path = Then.swift; sourceTree = "<group>"; };
		FA4D57BB1D0C512200F5BBC3 /* .travis.yml */ = {isa = PBXFileReference; fileEncoding = 4; lastKnownFileType = text; name = .travis.yml; path = ../../.travis.yml; sourceTree = "<group>"; };
		FA4D57BD1D0C548A00F5BBC3 /* .coveralls.yml */ = {isa = PBXFileReference; fileEncoding = 4; lastKnownFileType = text; path = .coveralls.yml; sourceTree = SOURCE_ROOT; };
		FA4D57BE1D0C548A00F5BBC3 /* .slather.yml */ = {isa = PBXFileReference; fileEncoding = 4; lastKnownFileType = text; path = .slather.yml; sourceTree = SOURCE_ROOT; };
		FA7E95E41D0B900D001FEDB7 /* Package.swift */ = {isa = PBXFileReference; lastKnownFileType = sourcecode.swift; name = Package.swift; path = ../../Package.swift; sourceTree = "<group>"; };
		FA7E95E51D0B9CA8001FEDB7 /* ScreamingParty.podspec */ = {isa = PBXFileReference; fileEncoding = 4; lastKnownFileType = text; name = ScreamingParty.podspec; path = ../ScreamingParty.podspec; sourceTree = SOURCE_ROOT; };
		FACFD8C51D0A222D002077D6 /* project_base.xcconfig */ = {isa = PBXFileReference; lastKnownFileType = text.xcconfig; path = project_base.xcconfig; sourceTree = "<group>"; };
		FACFD8C61D0A222D002077D6 /* project_Debug.xcconfig */ = {isa = PBXFileReference; lastKnownFileType = text.xcconfig; path = project_Debug.xcconfig; sourceTree = "<group>"; };
		FACFD8C71D0A222D002077D6 /* project_Release.xcconfig */ = {isa = PBXFileReference; lastKnownFileType = text.xcconfig; path = project_Release.xcconfig; sourceTree = "<group>"; };
		FACFD8C81D0A222D002077D6 /* ScreamingParty_base.xcconfig */ = {isa = PBXFileReference; lastKnownFileType = text.xcconfig; path = ScreamingParty_base.xcconfig; sourceTree = "<group>"; };
		FACFD8C91D0A222D002077D6 /* ScreamingParty_Debug.xcconfig */ = {isa = PBXFileReference; lastKnownFileType = text.xcconfig; path = ScreamingParty_Debug.xcconfig; sourceTree = "<group>"; };
		FACFD8CA1D0A222D002077D6 /* ScreamingParty_Release.xcconfig */ = {isa = PBXFileReference; lastKnownFileType = text.xcconfig; path = ScreamingParty_Release.xcconfig; sourceTree = "<group>"; };
		FACFD8CB1D0A222D002077D6 /* ScreamingPartyTests_base.xcconfig */ = {isa = PBXFileReference; lastKnownFileType = text.xcconfig; path = ScreamingPartyTests_base.xcconfig; sourceTree = "<group>"; };
		FACFD8CC1D0A222D002077D6 /* ScreamingPartyTests_Debug.xcconfig */ = {isa = PBXFileReference; lastKnownFileType = text.xcconfig; path = ScreamingPartyTests_Debug.xcconfig; sourceTree = "<group>"; };
		FACFD8CD1D0A222D002077D6 /* ScreamingPartyTests_Release.xcconfig */ = {isa = PBXFileReference; lastKnownFileType = text.xcconfig; path = ScreamingPartyTests_Release.xcconfig; sourceTree = "<group>"; };
/* End PBXFileReference section */

/* Begin PBXFrameworksBuildPhase section */
		FA2039F91D08EF7A004C1DA5 /* Frameworks */ = {
			isa = PBXFrameworksBuildPhase;
			buildActionMask = 2147483647;
			files = (
			);
			runOnlyForDeploymentPostprocessing = 0;
		};
		FA203A041D08EF7A004C1DA5 /* Frameworks */ = {
			isa = PBXFrameworksBuildPhase;
			buildActionMask = 2147483647;
			files = (
				FA203A081D08EF7A004C1DA5 /* ScreamingParty.framework in Frameworks */,
			);
			runOnlyForDeploymentPostprocessing = 0;
		};
/* End PBXFrameworksBuildPhase section */

/* Begin PBXGroup section */
		FA2039F31D08EF7A004C1DA5 = {
			isa = PBXGroup;
			children = (
				FA203A291D09B336004C1DA5 /* README.md */,
				FA203A281D09B336004C1DA5 /* LICENSE */,
				FA2039FF1D08EF7A004C1DA5 /* ScreamingParty */,
				FA203A0B1D08EF7A004C1DA5 /* ScreamingPartyTests */,
				FA2039FE1D08EF7A004C1DA5 /* Products */,
			);
			sourceTree = "<group>";
		};
		FA2039FE1D08EF7A004C1DA5 /* Products */ = {
			isa = PBXGroup;
			children = (
				FA2039FD1D08EF7A004C1DA5 /* ScreamingParty.framework */,
				FA203A071D08EF7A004C1DA5 /* ScreamingPartyTests.xctest */,
			);
			name = Products;
			sourceTree = "<group>";
		};
		FA2039FF1D08EF7A004C1DA5 /* ScreamingParty */ = {
			isa = PBXGroup;
			children = (
				FA203A001D08EF7A004C1DA5 /* ScreamingParty.h */,
				FA4D57B21D0C46DE00F5BBC3 /* Assets */,
				FA4D57B51D0C46E800F5BBC3 /* Classes */,
				FACFD8C41D0A222D002077D6 /* ScreamingPartyConfig */,
				FA203A1D1D09B1FB004C1DA5 /* Metadata */,
			);
			path = ScreamingParty;
			sourceTree = "<group>";
		};
		FA203A0B1D08EF7A004C1DA5 /* ScreamingPartyTests */ = {
			isa = PBXGroup;
			children = (
				FA203A0C1D08EF7A004C1DA5 /* ScreamingPartyTests.swift */,
				FA203A191D0901E5004C1DA5 /* ThenTests.swift */,
				FA203A0E1D08EF7A004C1DA5 /* Info.plist */,
			);
			path = ScreamingPartyTests;
			sourceTree = "<group>";
		};
		FA203A1D1D09B1FB004C1DA5 /* Metadata */ = {
			isa = PBXGroup;
			children = (
				FA203A021D08EF7A004C1DA5 /* Info.plist */,
				FA7E95E41D0B900D001FEDB7 /* Package.swift */,
				FA7E95E51D0B9CA8001FEDB7 /* ScreamingParty.podspec */,
				FA4D57BD1D0C548A00F5BBC3 /* .coveralls.yml */,
				FA203A2A1D09B4DB004C1DA5 /* .gitignore */,
				FA4D57BE1D0C548A00F5BBC3 /* .slather.yml */,
				FA4D57BB1D0C512200F5BBC3 /* .travis.yml */,
			);
			name = Metadata;
			sourceTree = "<group>";
		};
		FA4D57B21D0C46DE00F5BBC3 /* Assets */ = {
			isa = PBXGroup;
			children = (
				FA4D57B31D0C46DE00F5BBC3 /* .gitkeep */,
			);
			path = Assets;
			sourceTree = "<group>";
		};
		FA4D57B51D0C46E800F5BBC3 /* Classes */ = {
			isa = PBXGroup;
			children = (
				FA4D57B61D0C46E800F5BBC3 /* .gitkeep */,
				FA4D57B71D0C46E800F5BBC3 /* Then.swift */,
			);
			path = Classes;
			sourceTree = "<group>";
		};
		FACFD8C41D0A222D002077D6 /* ScreamingPartyConfig */ = {
			isa = PBXGroup;
			children = (
				FACFD8C51D0A222D002077D6 /* project_base.xcconfig */,
				FACFD8C61D0A222D002077D6 /* project_Debug.xcconfig */,
				FACFD8C71D0A222D002077D6 /* project_Release.xcconfig */,
				FACFD8C81D0A222D002077D6 /* ScreamingParty_base.xcconfig */,
				FACFD8C91D0A222D002077D6 /* ScreamingParty_Debug.xcconfig */,
				FACFD8CA1D0A222D002077D6 /* ScreamingParty_Release.xcconfig */,
				FACFD8CB1D0A222D002077D6 /* ScreamingPartyTests_base.xcconfig */,
				FACFD8CC1D0A222D002077D6 /* ScreamingPartyTests_Debug.xcconfig */,
				FACFD8CD1D0A222D002077D6 /* ScreamingPartyTests_Release.xcconfig */,
			);
			path = ScreamingPartyConfig;
			sourceTree = SOURCE_ROOT;
		};
/* End PBXGroup section */

/* Begin PBXHeadersBuildPhase section */
		FA2039FA1D08EF7A004C1DA5 /* Headers */ = {
			isa = PBXHeadersBuildPhase;
			buildActionMask = 2147483647;
			files = (
				FA203A011D08EF7A004C1DA5 /* ScreamingParty.h in Headers */,
			);
			runOnlyForDeploymentPostprocessing = 0;
		};
/* End PBXHeadersBuildPhase section */

/* Begin PBXNativeTarget section */
		FA2039FC1D08EF7A004C1DA5 /* ScreamingParty */ = {
			isa = PBXNativeTarget;
			buildConfigurationList = FA203A111D08EF7A004C1DA5 /* Build configuration list for PBXNativeTarget "ScreamingParty" */;
			buildPhases = (
				FA4D57C11D0C6C4400F5BBC3 /* SwiftLint */,
				FA2039F81D08EF7A004C1DA5 /* Sources */,
				FA2039F91D08EF7A004C1DA5 /* Frameworks */,
				FA2039FA1D08EF7A004C1DA5 /* Headers */,
				FA2039FB1D08EF7A004C1DA5 /* Resources */,
			);
			buildRules = (
			);
			dependencies = (
			);
			name = ScreamingParty;
			productName = ScreamingParty;
			productReference = FA2039FD1D08EF7A004C1DA5 /* ScreamingParty.framework */;
			productType = "com.apple.product-type.framework";
		};
		FA203A061D08EF7A004C1DA5 /* ScreamingPartyTests */ = {
			isa = PBXNativeTarget;
			buildConfigurationList = FA203A141D08EF7A004C1DA5 /* Build configuration list for PBXNativeTarget "ScreamingPartyTests" */;
			buildPhases = (
				FA203A031D08EF7A004C1DA5 /* Sources */,
				FA203A041D08EF7A004C1DA5 /* Frameworks */,
				FA203A051D08EF7A004C1DA5 /* Resources */,
			);
			buildRules = (
			);
			dependencies = (
				FA203A0A1D08EF7A004C1DA5 /* PBXTargetDependency */,
			);
			name = ScreamingPartyTests;
			productName = ScreamingPartyTests;
			productReference = FA203A071D08EF7A004C1DA5 /* ScreamingPartyTests.xctest */;
			productType = "com.apple.product-type.bundle.unit-test";
		};
/* End PBXNativeTarget section */

/* Begin PBXProject section */
		FA2039F41D08EF7A004C1DA5 /* Project object */ = {
			isa = PBXProject;
			attributes = {
				LastSwiftUpdateCheck = 0730;
				LastUpgradeCheck = 0730;
				ORGANIZATIONNAME = "Trollwerks Inc.";
				TargetAttributes = {
					FA2039FC1D08EF7A004C1DA5 = {
						CreatedOnToolsVersion = 7.3.1;
					};
					FA203A061D08EF7A004C1DA5 = {
						CreatedOnToolsVersion = 7.3.1;
					};
				};
			};
			buildConfigurationList = FA2039F71D08EF7A004C1DA5 /* Build configuration list for PBXProject "ScreamingParty" */;
			compatibilityVersion = "Xcode 3.2";
			developmentRegion = English;
			hasScannedForEncodings = 0;
			knownRegions = (
				en,
			);
			mainGroup = FA2039F31D08EF7A004C1DA5;
			productRefGroup = FA2039FE1D08EF7A004C1DA5 /* Products */;
			projectDirPath = "";
			projectRoot = "";
			targets = (
				FA2039FC1D08EF7A004C1DA5 /* ScreamingParty */,
				FA203A061D08EF7A004C1DA5 /* ScreamingPartyTests */,
			);
		};
/* End PBXProject section */

/* Begin PBXResourcesBuildPhase section */
		FA2039FB1D08EF7A004C1DA5 /* Resources */ = {
			isa = PBXResourcesBuildPhase;
			buildActionMask = 2147483647;
			files = (
			);
			runOnlyForDeploymentPostprocessing = 0;
		};
		FA203A051D08EF7A004C1DA5 /* Resources */ = {
			isa = PBXResourcesBuildPhase;
			buildActionMask = 2147483647;
			files = (
			);
			runOnlyForDeploymentPostprocessing = 0;
		};
/* End PBXResourcesBuildPhase section */

/* Begin PBXShellScriptBuildPhase section */
		FA4D57C11D0C6C4400F5BBC3 /* SwiftLint */ = {
			isa = PBXShellScriptBuildPhase;
			buildActionMask = 2147483647;
			files = (
			);
			inputPaths = (
			);
			name = SwiftLint;
			outputPaths = (
			);
			runOnlyForDeploymentPostprocessing = 0;
			shellPath = /bin/sh;
			shellScript = "if which swiftlint >/dev/null; then\n    swiftlint\nelse\n    echo \"warning: SwiftLint not installed, download from https://github.com/realm/SwiftLint\"\nfi\n";
		};
/* End PBXShellScriptBuildPhase section */

/* Begin PBXSourcesBuildPhase section */
		FA2039F81D08EF7A004C1DA5 /* Sources */ = {
			isa = PBXSourcesBuildPhase;
			buildActionMask = 2147483647;
			files = (
				FA4D57B91D0C46E800F5BBC3 /* Then.swift in Sources */,
			);
			runOnlyForDeploymentPostprocessing = 0;
		};
		FA203A031D08EF7A004C1DA5 /* Sources */ = {
			isa = PBXSourcesBuildPhase;
			buildActionMask = 2147483647;
			files = (
				FA203A1A1D0901E5004C1DA5 /* ThenTests.swift in Sources */,
				FA203A0D1D08EF7A004C1DA5 /* ScreamingPartyTests.swift in Sources */,
			);
			runOnlyForDeploymentPostprocessing = 0;
		};
/* End PBXSourcesBuildPhase section */

/* Begin PBXTargetDependency section */
		FA203A0A1D08EF7A004C1DA5 /* PBXTargetDependency */ = {
			isa = PBXTargetDependency;
			target = FA2039FC1D08EF7A004C1DA5 /* ScreamingParty */;
			targetProxy = FA203A091D08EF7A004C1DA5 /* PBXContainerItemProxy */;
		};
/* End PBXTargetDependency section */

/* Begin XCBuildConfiguration section */
		FA203A0F1D08EF7A004C1DA5 /* Debug */ = {
			isa = XCBuildConfiguration;
			baseConfigurationReference = FACFD8C61D0A222D002077D6 /* project_Debug.xcconfig */;
			buildSettings = {
			};
			name = Debug;
		};
		FA203A101D08EF7A004C1DA5 /* Release */ = {
			isa = XCBuildConfiguration;
			baseConfigurationReference = FACFD8C71D0A222D002077D6 /* project_Release.xcconfig */;
			buildSettings = {
			};
			name = Release;
		};
		FA203A121D08EF7A004C1DA5 /* Debug */ = {
			isa = XCBuildConfiguration;
			baseConfigurationReference = FACFD8C91D0A222D002077D6 /* ScreamingParty_Debug.xcconfig */;
			buildSettings = {
			};
			name = Debug;
		};
		FA203A131D08EF7A004C1DA5 /* Release */ = {
			isa = XCBuildConfiguration;
			baseConfigurationReference = FACFD8CA1D0A222D002077D6 /* ScreamingParty_Release.xcconfig */;
			buildSettings = {
			};
			name = Release;
		};
		FA203A151D08EF7A004C1DA5 /* Debug */ = {
			isa = XCBuildConfiguration;
			baseConfigurationReference = FACFD8CC1D0A222D002077D6 /* ScreamingPartyTests_Debug.xcconfig */;
			buildSettings = {
			};
			name = Debug;
		};
		FA203A161D08EF7A004C1DA5 /* Release */ = {
			isa = XCBuildConfiguration;
			baseConfigurationReference = FACFD8CD1D0A222D002077D6 /* ScreamingPartyTests_Release.xcconfig */;
			buildSettings = {
			};
			name = Release;
		};
/* End XCBuildConfiguration section */

/* Begin XCConfigurationList section */
		FA2039F71D08EF7A004C1DA5 /* Build configuration list for PBXProject "ScreamingParty" */ = {
			isa = XCConfigurationList;
			buildConfigurations = (
				FA203A0F1D08EF7A004C1DA5 /* Debug */,
				FA203A101D08EF7A004C1DA5 /* Release */,
			);
			defaultConfigurationIsVisible = 0;
			defaultConfigurationName = Release;
		};
		FA203A111D08EF7A004C1DA5 /* Build configuration list for PBXNativeTarget "ScreamingParty" */ = {
			isa = XCConfigurationList;
			buildConfigurations = (
				FA203A121D08EF7A004C1DA5 /* Debug */,
				FA203A131D08EF7A004C1DA5 /* Release */,
			);
			defaultConfigurationIsVisible = 0;
			defaultConfigurationName = Release;
		};
		FA203A141D08EF7A004C1DA5 /* Build configuration list for PBXNativeTarget "ScreamingPartyTests" */ = {
			isa = XCConfigurationList;
			buildConfigurations = (
				FA203A151D08EF7A004C1DA5 /* Debug */,
				FA203A161D08EF7A004C1DA5 /* Release */,
			);
			defaultConfigurationIsVisible = 0;
			defaultConfigurationName = Release;
		};
/* End XCConfigurationList section */
	};
	rootObject = FA2039F41D08EF7A004C1DA5 /* Project object */;
}
