// !$*UTF8*$!
{
	archiveVersion = 1;
	classes = {
	};
	objectVersion = 46;
	objects = {

/* Begin PBXAggregateTarget section */
		FA16E4F91AEB6D85005425F8 /* Documentation */ = {
			isa = PBXAggregateTarget;
			buildConfigurationList = FA16E4FD1AEB6D85005425F8 /* Build configuration list for PBXAggregateTarget "Documentation" */;
			buildPhases = (
				FA16E4FE1AEB6D9E005425F8 /* ShellScript */,
			);
			dependencies = (
			);
			name = Documentation;
			productName = Documentation;
		};
/* End PBXAggregateTarget section */

/* Begin PBXBuildFile section */
		FA38C2BF1A38A67A00A76606 /* LaunchScreen.xib in Resources */ = {isa = PBXBuildFile; fileRef = FA38C2BD1A38A67A00A76606 /* LaunchScreen.xib */; };
		FA38C2C21A38A69900A76606 /* Main.storyboard in Resources */ = {isa = PBXBuildFile; fileRef = FA38C2C01A38A69900A76606 /* Main.storyboard */; };
		FA422C241B0A9DA000528A37 /* Crashlytics.framework in Frameworks */ = {isa = PBXBuildFile; fileRef = FA422C221B0A9DA000528A37 /* Crashlytics.framework */; };
		FA422C251B0A9DA000528A37 /* Crashlytics.framework in Frameworks */ = {isa = PBXBuildFile; fileRef = FA422C221B0A9DA000528A37 /* Crashlytics.framework */; };
		FA422C261B0A9DA000528A37 /* Fabric.framework in Frameworks */ = {isa = PBXBuildFile; fileRef = FA422C231B0A9DA000528A37 /* Fabric.framework */; };
		FA422C271B0A9DA000528A37 /* Fabric.framework in Frameworks */ = {isa = PBXBuildFile; fileRef = FA422C231B0A9DA000528A37 /* Fabric.framework */; };
		FA46F0C81CCD5877002D33A0 /* JSQCoreDataKit.framework in Embed Frameworks */ = {isa = PBXBuildFile; fileRef = FAF27C3F1AFBD68A00190CC3 /* JSQCoreDataKit.framework */; settings = {ATTRIBUTES = (CodeSignOnCopy, RemoveHeadersOnCopy, ); }; };
		FA46F0C91CCD5895002D33A0 /* Swiftalytics.framework in Embed Frameworks */ = {isa = PBXBuildFile; fileRef = FAFB2EA11AF58C5A00A8AB21 /* Swiftalytics.framework */; settings = {ATTRIBUTES = (CodeSignOnCopy, RemoveHeadersOnCopy, ); }; };
		FA46F0DB1CCED348002D33A0 /* PoseGalleryUITests.swift in Sources */ = {isa = PBXBuildFile; fileRef = FA46F0DA1CCED348002D33A0 /* PoseGalleryUITests.swift */; };
		FA6E39BC1AF96949006E0C18 /* Localizable.strings in Resources */ = {isa = PBXBuildFile; fileRef = FA6E39BA1AF96949006E0C18 /* Localizable.strings */; };
		FA6E64B01A279B7700395E94 /* Images.xcassets in Resources */ = {isa = PBXBuildFile; fileRef = FA6E64AF1A279B7700395E94 /* Images.xcassets */; };
		FA6E64BF1A279B7800395E94 /* PoseGalleryTests.swift in Sources */ = {isa = PBXBuildFile; fileRef = FA6E64BE1A279B7800395E94 /* PoseGalleryTests.swift */; };
		FA82DD4C1CE6E88300249728 /* .slather.yml in Resources */ = {isa = PBXBuildFile; fileRef = FA82DD4A1CE6E88300249728 /* .slather.yml */; };
		FA82DD4D1CE6E88300249728 /* .swiftlint.yml in Resources */ = {isa = PBXBuildFile; fileRef = FA82DD4B1CE6E88300249728 /* .swiftlint.yml */; };
		FAAF41BD1CD54B7500BBA025 /* Rswift.framework in Frameworks */ = {isa = PBXBuildFile; fileRef = FAAF41BC1CD54B7500BBA025 /* Rswift.framework */; };
		FAAF41BE1CD54C1900BBA025 /* Rswift.framework in Frameworks */ = {isa = PBXBuildFile; fileRef = FAAF41BC1CD54B7500BBA025 /* Rswift.framework */; };
		FAAF41BF1CD5517B00BBA025 /* Rswift.framework in Frameworks */ = {isa = PBXBuildFile; fileRef = FAAF41BC1CD54B7500BBA025 /* Rswift.framework */; };
		FAAF41C01CD5517C00BBA025 /* Rswift.framework in Embed Frameworks */ = {isa = PBXBuildFile; fileRef = FAAF41BC1CD54B7500BBA025 /* Rswift.framework */; settings = {ATTRIBUTES = (CodeSignOnCopy, RemoveHeadersOnCopy, ); }; };
		FAD9A7E61A4F7F6A000DE885 /* Settings.bundle in Resources */ = {isa = PBXBuildFile; fileRef = FAD9A7E51A4F7F6A000DE885 /* Settings.bundle */; };
		FAE2502C1B06922000D792E3 /* DataModel.swift in Sources */ = {isa = PBXBuildFile; fileRef = FAE2502B1B06922000D792E3 /* DataModel.swift */; };
		FAF27C401AFBD68A00190CC3 /* JSQCoreDataKit.framework in Frameworks */ = {isa = PBXBuildFile; fileRef = FAF27C3F1AFBD68A00190CC3 /* JSQCoreDataKit.framework */; };
		FAF27C411AFBD69400190CC3 /* JSQCoreDataKit.framework in Frameworks */ = {isa = PBXBuildFile; fileRef = FAF27C3F1AFBD68A00190CC3 /* JSQCoreDataKit.framework */; };
		FAFB2E6B1AF32BD000A8AB21 /* AppDelegate.swift in Sources */ = {isa = PBXBuildFile; fileRef = FAFB2E651AF32BD000A8AB21 /* AppDelegate.swift */; };
		FAFB2E6C1AF32BD000A8AB21 /* FirstViewController.swift in Sources */ = {isa = PBXBuildFile; fileRef = FAFB2E671AF32BD000A8AB21 /* FirstViewController.swift */; };
		FAFB2E6D1AF32BD000A8AB21 /* SecondViewController.swift in Sources */ = {isa = PBXBuildFile; fileRef = FAFB2E681AF32BD000A8AB21 /* SecondViewController.swift */; };
		FAFB2E6E1AF32BD000A8AB21 /* ReportingAdapters.swift in Sources */ = {isa = PBXBuildFile; fileRef = FAFB2E6A1AF32BD000A8AB21 /* ReportingAdapters.swift */; };
		FAFB2E7A1AF47FEA00A8AB21 /* XCTest+Optionals.swift in Sources */ = {isa = PBXBuildFile; fileRef = FAFB2E791AF47FEA00A8AB21 /* XCTest+Optionals.swift */; };
		FAFB2E901AF4A33F00A8AB21 /* R.generated.swift in Sources */ = {isa = PBXBuildFile; fileRef = FAFB2E8F1AF4A33F00A8AB21 /* R.generated.swift */; };
		FAFB2E9D1AF58B0400A8AB21 /* ScreenTracking.swift in Sources */ = {isa = PBXBuildFile; fileRef = FAFB2E9C1AF58B0400A8AB21 /* ScreenTracking.swift */; };
		FAFB2EA51AF58C6A00A8AB21 /* Swiftalytics.framework in Frameworks */ = {isa = PBXBuildFile; fileRef = FAFB2EA11AF58C5A00A8AB21 /* Swiftalytics.framework */; };
		FAFB2EA61AF58C6D00A8AB21 /* XCGLogger.framework in Frameworks */ = {isa = PBXBuildFile; fileRef = FAFB2EA21AF58C5A00A8AB21 /* XCGLogger.framework */; };
		FAFB2EA71AF58CA800A8AB21 /* Swiftalytics.framework in Frameworks */ = {isa = PBXBuildFile; fileRef = FAFB2EA11AF58C5A00A8AB21 /* Swiftalytics.framework */; };
		FAFB2EA91AF58CAE00A8AB21 /* XCGLogger.framework in Frameworks */ = {isa = PBXBuildFile; fileRef = FAFB2EA21AF58C5A00A8AB21 /* XCGLogger.framework */; };
		FAFB2EAA1AF58CAE00A8AB21 /* XCGLogger.framework in Embed Frameworks */ = {isa = PBXBuildFile; fileRef = FAFB2EA21AF58C5A00A8AB21 /* XCGLogger.framework */; settings = {ATTRIBUTES = (CodeSignOnCopy, RemoveHeadersOnCopy, ); }; };
/* End PBXBuildFile section */

/* Begin PBXContainerItemProxy section */
		FA46F0D31CCED294002D33A0 /* PBXContainerItemProxy */ = {
			isa = PBXContainerItemProxy;
			containerPortal = FA6E64991A279B7700395E94 /* Project object */;
			proxyType = 1;
			remoteGlobalIDString = FA6E64A01A279B7700395E94;
			remoteInfo = PoseGallery;
		};
		FA6E64B91A279B7800395E94 /* PBXContainerItemProxy */ = {
			isa = PBXContainerItemProxy;
			containerPortal = FA6E64991A279B7700395E94 /* Project object */;
			proxyType = 1;
			remoteGlobalIDString = FA6E64A01A279B7700395E94;
			remoteInfo = PoseGallery;
		};
/* End PBXContainerItemProxy section */

/* Begin PBXCopyFilesBuildPhase section */
		FA52B52D1AF20E56008229D8 /* Embed Frameworks */ = {
			isa = PBXCopyFilesBuildPhase;
			buildActionMask = 2147483647;
			dstPath = "";
			dstSubfolderSpec = 10;
			files = (
				FA46F0C81CCD5877002D33A0 /* JSQCoreDataKit.framework in Embed Frameworks */,
				FA46F0C91CCD5895002D33A0 /* Swiftalytics.framework in Embed Frameworks */,
				FAFB2EAA1AF58CAE00A8AB21 /* XCGLogger.framework in Embed Frameworks */,
				FAAF41C01CD5517C00BBA025 /* Rswift.framework in Embed Frameworks */,
			);
			name = "Embed Frameworks";
			runOnlyForDeploymentPostprocessing = 0;
		};
/* End PBXCopyFilesBuildPhase section */

/* Begin PBXFileReference section */
		FA3287D81AF08D8500B905DC /* PoseGallery_Adhoc.xcconfig */ = {isa = PBXFileReference; lastKnownFileType = text.xcconfig; path = PoseGallery_Adhoc.xcconfig; sourceTree = "<group>"; };
		FA3287D91AF08D8500B905DC /* PoseGallery_base.xcconfig */ = {isa = PBXFileReference; lastKnownFileType = text.xcconfig; path = PoseGallery_base.xcconfig; sourceTree = "<group>"; };
		FA3287DA1AF08D8500B905DC /* PoseGallery_Debug.xcconfig */ = {isa = PBXFileReference; lastKnownFileType = text.xcconfig; path = PoseGallery_Debug.xcconfig; sourceTree = "<group>"; };
		FA3287DB1AF08D8500B905DC /* PoseGallery_Release.xcconfig */ = {isa = PBXFileReference; lastKnownFileType = text.xcconfig; path = PoseGallery_Release.xcconfig; sourceTree = "<group>"; };
		FA3287DC1AF08D8500B905DC /* PoseGalleryTests_Adhoc.xcconfig */ = {isa = PBXFileReference; lastKnownFileType = text.xcconfig; path = PoseGalleryTests_Adhoc.xcconfig; sourceTree = "<group>"; };
		FA3287DD1AF08D8500B905DC /* PoseGalleryTests_base.xcconfig */ = {isa = PBXFileReference; lastKnownFileType = text.xcconfig; path = PoseGalleryTests_base.xcconfig; sourceTree = "<group>"; };
		FA3287DE1AF08D8500B905DC /* PoseGalleryTests_Debug.xcconfig */ = {isa = PBXFileReference; lastKnownFileType = text.xcconfig; path = PoseGalleryTests_Debug.xcconfig; sourceTree = "<group>"; };
		FA3287DF1AF08D8500B905DC /* PoseGalleryTests_Release.xcconfig */ = {isa = PBXFileReference; lastKnownFileType = text.xcconfig; path = PoseGalleryTests_Release.xcconfig; sourceTree = "<group>"; };
		FA3287E01AF08D8500B905DC /* project_Adhoc.xcconfig */ = {isa = PBXFileReference; lastKnownFileType = text.xcconfig; path = project_Adhoc.xcconfig; sourceTree = "<group>"; };
		FA3287E11AF08D8500B905DC /* project_base.xcconfig */ = {isa = PBXFileReference; lastKnownFileType = text.xcconfig; path = project_base.xcconfig; sourceTree = "<group>"; };
		FA3287E21AF08D8500B905DC /* project_Debug.xcconfig */ = {isa = PBXFileReference; lastKnownFileType = text.xcconfig; path = project_Debug.xcconfig; sourceTree = "<group>"; };
		FA3287E31AF08D8500B905DC /* project_Release.xcconfig */ = {isa = PBXFileReference; lastKnownFileType = text.xcconfig; path = project_Release.xcconfig; sourceTree = "<group>"; };
		FA38C2BE1A38A67A00A76606 /* Base */ = {isa = PBXFileReference; lastKnownFileType = file.xib; name = Base; path = Base.lproj/LaunchScreen.xib; sourceTree = "<group>"; };
		FA38C2C11A38A69900A76606 /* Base */ = {isa = PBXFileReference; lastKnownFileType = file.storyboard; name = Base; path = Base.lproj/Main.storyboard; sourceTree = "<group>"; };
		FA38C2C51A39CD1300A76606 /* brand_PoseGallery.xcconfig */ = {isa = PBXFileReference; lastKnownFileType = text.xcconfig; path = brand_PoseGallery.xcconfig; sourceTree = "<group>"; };
		FA422C221B0A9DA000528A37 /* Crashlytics.framework */ = {isa = PBXFileReference; lastKnownFileType = wrapper.framework; path = Crashlytics.framework; sourceTree = "<group>"; };
		FA422C231B0A9DA000528A37 /* Fabric.framework */ = {isa = PBXFileReference; lastKnownFileType = wrapper.framework; path = Fabric.framework; sourceTree = "<group>"; };
		FA43CBC91CC978360090E696 /* .gitignore */ = {isa = PBXFileReference; lastKnownFileType = text; name = .gitignore; path = ../../.gitignore; sourceTree = "<group>"; };
		FA44C9DA1A499BC400776BD6 /* LICENSE */ = {isa = PBXFileReference; fileEncoding = 4; lastKnownFileType = text; name = LICENSE; path = ../../LICENSE; sourceTree = "<group>"; };
		FA44C9DC1A499BCE00776BD6 /* README.md */ = {isa = PBXFileReference; fileEncoding = 4; lastKnownFileType = net.daringfireball.markdown; name = README.md; path = ../../README.md; sourceTree = "<group>"; };
		FA44C9E01A4DE7E900776BD6 /* .travis.yml */ = {isa = PBXFileReference; fileEncoding = 4; lastKnownFileType = text; name = .travis.yml; path = ../../.travis.yml; sourceTree = "<group>"; };
		FA46F0CE1CCED294002D33A0 /* PoseGalleryUITests.xctest */ = {isa = PBXFileReference; explicitFileType = wrapper.cfbundle; includeInIndex = 0; path = PoseGalleryUITests.xctest; sourceTree = BUILT_PRODUCTS_DIR; };
		FA46F0DA1CCED348002D33A0 /* PoseGalleryUITests.swift */ = {isa = PBXFileReference; fileEncoding = 4; lastKnownFileType = sourcecode.swift; path = PoseGalleryUITests.swift; sourceTree = "<group>"; };
		FA46F0DD1CCED356002D33A0 /* Info.plist */ = {isa = PBXFileReference; lastKnownFileType = text.plist.xml; path = Info.plist; sourceTree = "<group>"; };
		FA46F0DE1CCED8C9002D33A0 /* PoseGalleryUITests_Adhoc.xcconfig */ = {isa = PBXFileReference; lastKnownFileType = text.xcconfig; path = PoseGalleryUITests_Adhoc.xcconfig; sourceTree = "<group>"; };
		FA46F0DF1CCED8C9002D33A0 /* PoseGalleryUITests_base.xcconfig */ = {isa = PBXFileReference; lastKnownFileType = text.xcconfig; path = PoseGalleryUITests_base.xcconfig; sourceTree = "<group>"; };
		FA46F0E01CCED8C9002D33A0 /* PoseGalleryUITests_Debug.xcconfig */ = {isa = PBXFileReference; lastKnownFileType = text.xcconfig; path = PoseGalleryUITests_Debug.xcconfig; sourceTree = "<group>"; };
		FA46F0E11CCED8C9002D33A0 /* PoseGalleryUITests_Release.xcconfig */ = {isa = PBXFileReference; lastKnownFileType = text.xcconfig; path = PoseGalleryUITests_Release.xcconfig; sourceTree = "<group>"; };
		FA52B5281AF20B29008229D8 /* Cartfile */ = {isa = PBXFileReference; lastKnownFileType = text; path = Cartfile; sourceTree = SOURCE_ROOT; };
		FA6E39BB1AF96949006E0C18 /* Base */ = {isa = PBXFileReference; lastKnownFileType = text.plist.strings; name = Base; path = Base.lproj/Localizable.strings; sourceTree = "<group>"; };
		FA6E64A11A279B7700395E94 /* PoseGallery.app */ = {isa = PBXFileReference; explicitFileType = wrapper.application; includeInIndex = 0; path = PoseGallery.app; sourceTree = BUILT_PRODUCTS_DIR; };
		FA6E64A51A279B7700395E94 /* Info.plist */ = {isa = PBXFileReference; lastKnownFileType = text.plist.xml; path = Info.plist; sourceTree = "<group>"; };
		FA6E64AF1A279B7700395E94 /* Images.xcassets */ = {isa = PBXFileReference; lastKnownFileType = folder.assetcatalog; path = Images.xcassets; sourceTree = "<group>"; };
		FA6E64B81A279B7800395E94 /* PoseGalleryTests.xctest */ = {isa = PBXFileReference; explicitFileType = wrapper.cfbundle; includeInIndex = 0; path = PoseGalleryTests.xctest; sourceTree = BUILT_PRODUCTS_DIR; };
		FA6E64BD1A279B7800395E94 /* Info.plist */ = {isa = PBXFileReference; lastKnownFileType = text.plist.xml; path = Info.plist; sourceTree = "<group>"; };
		FA6E64BE1A279B7800395E94 /* PoseGalleryTests.swift */ = {isa = PBXFileReference; lastKnownFileType = sourcecode.swift; path = PoseGalleryTests.swift; sourceTree = "<group>"; };
		FA82DD4A1CE6E88300249728 /* .slather.yml */ = {isa = PBXFileReference; fileEncoding = 4; lastKnownFileType = text; path = .slather.yml; sourceTree = SOURCE_ROOT; };
		FA82DD4B1CE6E88300249728 /* .swiftlint.yml */ = {isa = PBXFileReference; fileEncoding = 4; lastKnownFileType = text; path = .swiftlint.yml; sourceTree = SOURCE_ROOT; };
		FA82DD4E1CE77C2E00249728 /* .coveralls.yml */ = {isa = PBXFileReference; fileEncoding = 4; lastKnownFileType = text; path = .coveralls.yml; sourceTree = SOURCE_ROOT; };
		FAAF41BC1CD54B7500BBA025 /* Rswift.framework */ = {isa = PBXFileReference; lastKnownFileType = wrapper.framework; name = Rswift.framework; path = ../../Carthage/Build/iOS/Rswift.framework; sourceTree = "<group>"; };
		FAB13EF41A3878850053620A /* script_build_begin.sh */ = {isa = PBXFileReference; lastKnownFileType = text.script.sh; path = script_build_begin.sh; sourceTree = "<group>"; };
		FAB13EF51A3878850053620A /* script_build_end.sh */ = {isa = PBXFileReference; lastKnownFileType = text.script.sh; path = script_build_end.sh; sourceTree = "<group>"; };
		FAD9A7E01A4E5D70000DE885 /* script_tag_icon.sh */ = {isa = PBXFileReference; fileEncoding = 4; lastKnownFileType = text.script.sh; path = script_tag_icon.sh; sourceTree = "<group>"; };
		FAD9A7E51A4F7F6A000DE885 /* Settings.bundle */ = {isa = PBXFileReference; lastKnownFileType = "wrapper.plug-in"; path = Settings.bundle; sourceTree = "<group>"; };
		FAE2502B1B06922000D792E3 /* DataModel.swift */ = {isa = PBXFileReference; fileEncoding = 4; lastKnownFileType = sourcecode.swift; path = DataModel.swift; sourceTree = "<group>"; };
		FAF27C3F1AFBD68A00190CC3 /* JSQCoreDataKit.framework */ = {isa = PBXFileReference; lastKnownFileType = wrapper.framework; name = JSQCoreDataKit.framework; path = ../../Carthage/Build/iOS/JSQCoreDataKit.framework; sourceTree = "<group>"; };
		FAFB2E651AF32BD000A8AB21 /* AppDelegate.swift */ = {isa = PBXFileReference; fileEncoding = 4; lastKnownFileType = sourcecode.swift; path = AppDelegate.swift; sourceTree = "<group>"; };
		FAFB2E671AF32BD000A8AB21 /* FirstViewController.swift */ = {isa = PBXFileReference; fileEncoding = 4; lastKnownFileType = sourcecode.swift; path = FirstViewController.swift; sourceTree = "<group>"; };
		FAFB2E681AF32BD000A8AB21 /* SecondViewController.swift */ = {isa = PBXFileReference; fileEncoding = 4; lastKnownFileType = sourcecode.swift; path = SecondViewController.swift; sourceTree = "<group>"; };
		FAFB2E6A1AF32BD000A8AB21 /* ReportingAdapters.swift */ = {isa = PBXFileReference; fileEncoding = 4; lastKnownFileType = sourcecode.swift; path = ReportingAdapters.swift; sourceTree = "<group>"; };
		FAFB2E791AF47FEA00A8AB21 /* XCTest+Optionals.swift */ = {isa = PBXFileReference; fileEncoding = 4; lastKnownFileType = sourcecode.swift; path = "XCTest+Optionals.swift"; sourceTree = "<group>"; };
		FAFB2E881AF48F1600A8AB21 /* Checkouts */ = {isa = PBXFileReference; lastKnownFileType = folder; name = Checkouts; path = Carthage/Checkouts; sourceTree = SOURCE_ROOT; };
		FAFB2E8F1AF4A33F00A8AB21 /* R.generated.swift */ = {isa = PBXFileReference; fileEncoding = 4; lastKnownFileType = sourcecode.swift; path = R.generated.swift; sourceTree = "<group>"; };
		FAFB2E9C1AF58B0400A8AB21 /* ScreenTracking.swift */ = {isa = PBXFileReference; fileEncoding = 4; lastKnownFileType = sourcecode.swift; path = ScreenTracking.swift; sourceTree = "<group>"; };
		FAFB2EA11AF58C5A00A8AB21 /* Swiftalytics.framework */ = {isa = PBXFileReference; lastKnownFileType = wrapper.framework; name = Swiftalytics.framework; path = ../../Carthage/Build/iOS/Swiftalytics.framework; sourceTree = "<group>"; };
		FAFB2EA21AF58C5A00A8AB21 /* XCGLogger.framework */ = {isa = PBXFileReference; lastKnownFileType = wrapper.framework; name = XCGLogger.framework; path = ../../Carthage/Build/iOS/XCGLogger.framework; sourceTree = "<group>"; };
		FAFB2EB41AF5E34500A8AB21 /* docs */ = {isa = PBXFileReference; lastKnownFileType = folder; path = docs; sourceTree = SOURCE_ROOT; };
/* End PBXFileReference section */

/* Begin PBXFrameworksBuildPhase section */
		FA46F0CB1CCED294002D33A0 /* Frameworks */ = {
			isa = PBXFrameworksBuildPhase;
			buildActionMask = 2147483647;
			files = (
			);
			runOnlyForDeploymentPostprocessing = 0;
		};
		FA6E649E1A279B7700395E94 /* Frameworks */ = {
			isa = PBXFrameworksBuildPhase;
			buildActionMask = 2147483647;
			files = (
				FA422C241B0A9DA000528A37 /* Crashlytics.framework in Frameworks */,
				FA422C261B0A9DA000528A37 /* Fabric.framework in Frameworks */,
				FAF27C401AFBD68A00190CC3 /* JSQCoreDataKit.framework in Frameworks */,
				FAAF41BD1CD54B7500BBA025 /* Rswift.framework in Frameworks */,
				FAFB2EA71AF58CA800A8AB21 /* Swiftalytics.framework in Frameworks */,
				FAAF41BF1CD5517B00BBA025 /* Rswift.framework in Frameworks */,
				FAFB2EA91AF58CAE00A8AB21 /* XCGLogger.framework in Frameworks */,
			);
			runOnlyForDeploymentPostprocessing = 0;
		};
		FA6E64B51A279B7800395E94 /* Frameworks */ = {
			isa = PBXFrameworksBuildPhase;
			buildActionMask = 2147483647;
			files = (
				FA422C251B0A9DA000528A37 /* Crashlytics.framework in Frameworks */,
				FA422C271B0A9DA000528A37 /* Fabric.framework in Frameworks */,
				FAF27C411AFBD69400190CC3 /* JSQCoreDataKit.framework in Frameworks */,
				FAAF41BE1CD54C1900BBA025 /* Rswift.framework in Frameworks */,
				FAFB2EA51AF58C6A00A8AB21 /* Swiftalytics.framework in Frameworks */,
				FAFB2EA61AF58C6D00A8AB21 /* XCGLogger.framework in Frameworks */,
			);
			runOnlyForDeploymentPostprocessing = 0;
		};
/* End PBXFrameworksBuildPhase section */

/* Begin PBXGroup section */
		FA38C2BC1A38A50F00A76606 /* source */ = {
			isa = PBXGroup;
			children = (
				FAFB2E641AF32BD000A8AB21 /* application */,
				FAFB2E661AF32BD000A8AB21 /* interface */,
				FAFB2E691AF32BD000A8AB21 /* support */,
			);
			path = source;
			sourceTree = "<group>";
		};
		FA38C2C31A38A83600A76606 /* source */ = {
			isa = PBXGroup;
			children = (
				FA6E64BE1A279B7800395E94 /* PoseGalleryTests.swift */,
				FAFB2E791AF47FEA00A8AB21 /* XCTest+Optionals.swift */,
			);
			path = source;
			sourceTree = "<group>";
		};
		FA38C2C41A39CCB700A76606 /* branded */ = {
			isa = PBXGroup;
			children = (
				FA38C2C51A39CD1300A76606 /* brand_PoseGallery.xcconfig */,
			);
			path = branded;
			sourceTree = "<group>";
		};
		FA46F0CF1CCED294002D33A0 /* PoseGalleryUITests */ = {
			isa = PBXGroup;
			children = (
				FA46F0D91CCED348002D33A0 /* source */,
				FA46F0DC1CCED356002D33A0 /* resources */,
			);
			path = PoseGalleryUITests;
			sourceTree = "<group>";
		};
		FA46F0D91CCED348002D33A0 /* source */ = {
			isa = PBXGroup;
			children = (
				FA46F0DA1CCED348002D33A0 /* PoseGalleryUITests.swift */,
			);
			path = source;
			sourceTree = "<group>";
		};
		FA46F0DC1CCED356002D33A0 /* resources */ = {
			isa = PBXGroup;
			children = (
				FA46F0DD1CCED356002D33A0 /* Info.plist */,
			);
			path = resources;
			sourceTree = "<group>";
		};
		FA6E64981A279B7700395E94 = {
			isa = PBXGroup;
			children = (
				FA6E64A31A279B7700395E94 /* PoseGallery */,
				FAB13EEA1A3878850053620A /* PoseGalleryConfig */,
				FA6E64BB1A279B7800395E94 /* PoseGalleryTests */,
				FA46F0CF1CCED294002D33A0 /* PoseGalleryUITests */,
				FA6E64A21A279B7700395E94 /* Products */,
			);
			sourceTree = "<group>";
		};
		FA6E64A21A279B7700395E94 /* Products */ = {
			isa = PBXGroup;
			children = (
				FA6E64A11A279B7700395E94 /* PoseGallery.app */,
				FA6E64B81A279B7800395E94 /* PoseGalleryTests.xctest */,
				FA46F0CE1CCED294002D33A0 /* PoseGalleryUITests.xctest */,
			);
			name = Products;
			sourceTree = "<group>";
		};
		FA6E64A31A279B7700395E94 /* PoseGallery */ = {
			isa = PBXGroup;
			children = (
				FA38C2BC1A38A50F00A76606 /* source */,
				FA6E64A41A279B7700395E94 /* resources */,
				FA957B601A478E130015CCC3 /* libraries */,
			);
			path = PoseGallery;
			sourceTree = "<group>";
		};
		FA6E64A41A279B7700395E94 /* resources */ = {
			isa = PBXGroup;
			children = (
				FAFB2E8F1AF4A33F00A8AB21 /* R.generated.swift */,
				FA38C2C41A39CCB700A76606 /* branded */,
				FA38C2C01A38A69900A76606 /* Main.storyboard */,
				FA38C2BD1A38A67A00A76606 /* LaunchScreen.xib */,
				FA6E39BA1AF96949006E0C18 /* Localizable.strings */,
				FA6E64AF1A279B7700395E94 /* Images.xcassets */,
				FA6E64A51A279B7700395E94 /* Info.plist */,
				FAD9A7E51A4F7F6A000DE885 /* Settings.bundle */,
			);
			path = resources;
			sourceTree = "<group>";
		};
		FA6E64BB1A279B7800395E94 /* PoseGalleryTests */ = {
			isa = PBXGroup;
			children = (
				FA38C2C31A38A83600A76606 /* source */,
				FA6E64BC1A279B7800395E94 /* resources */,
			);
			path = PoseGalleryTests;
			sourceTree = "<group>";
		};
		FA6E64BC1A279B7800395E94 /* resources */ = {
			isa = PBXGroup;
			children = (
				FA6E64BD1A279B7800395E94 /* Info.plist */,
			);
			path = resources;
			sourceTree = "<group>";
		};
		FA957B601A478E130015CCC3 /* libraries */ = {
			isa = PBXGroup;
			children = (
				FA422C221B0A9DA000528A37 /* Crashlytics.framework */,
				FA422C231B0A9DA000528A37 /* Fabric.framework */,
				FAFB2E881AF48F1600A8AB21 /* Checkouts */,
				FAF27C3F1AFBD68A00190CC3 /* JSQCoreDataKit.framework */,
				FAAF41BC1CD54B7500BBA025 /* Rswift.framework */,
				FAFB2EA11AF58C5A00A8AB21 /* Swiftalytics.framework */,
				FAFB2EA21AF58C5A00A8AB21 /* XCGLogger.framework */,
			);
			path = libraries;
			sourceTree = "<group>";
		};
		FAB13EEA1A3878850053620A /* PoseGalleryConfig */ = {
			isa = PBXGroup;
			children = (
				FAB13EF41A3878850053620A /* script_build_begin.sh */,
				FAB13EF51A3878850053620A /* script_build_end.sh */,
				FAD9A7E01A4E5D70000DE885 /* script_tag_icon.sh */,
				FA3287E11AF08D8500B905DC /* project_base.xcconfig */,
				FA3287E21AF08D8500B905DC /* project_Debug.xcconfig */,
				FA3287E01AF08D8500B905DC /* project_Adhoc.xcconfig */,
				FA3287E31AF08D8500B905DC /* project_Release.xcconfig */,
				FA3287D91AF08D8500B905DC /* PoseGallery_base.xcconfig */,
				FA3287DA1AF08D8500B905DC /* PoseGallery_Debug.xcconfig */,
				FA3287D81AF08D8500B905DC /* PoseGallery_Adhoc.xcconfig */,
				FA3287DB1AF08D8500B905DC /* PoseGallery_Release.xcconfig */,
				FA3287DD1AF08D8500B905DC /* PoseGalleryTests_base.xcconfig */,
				FA3287DE1AF08D8500B905DC /* PoseGalleryTests_Debug.xcconfig */,
				FA3287DC1AF08D8500B905DC /* PoseGalleryTests_Adhoc.xcconfig */,
				FA3287DF1AF08D8500B905DC /* PoseGalleryTests_Release.xcconfig */,
				FA46F0DF1CCED8C9002D33A0 /* PoseGalleryUITests_base.xcconfig */,
				FA46F0E01CCED8C9002D33A0 /* PoseGalleryUITests_Debug.xcconfig */,
				FA46F0DE1CCED8C9002D33A0 /* PoseGalleryUITests_Adhoc.xcconfig */,
				FA46F0E11CCED8C9002D33A0 /* PoseGalleryUITests_Release.xcconfig */,
				FA52B5281AF20B29008229D8 /* Cartfile */,
				FA43CBC91CC978360090E696 /* .gitignore */,
				FA82DD4B1CE6E88300249728 /* .swiftlint.yml */,
				FA44C9E01A4DE7E900776BD6 /* .travis.yml */,
				FA82DD4A1CE6E88300249728 /* .slather.yml */,
				FA82DD4E1CE77C2E00249728 /* .coveralls.yml */,
				FA44C9DC1A499BCE00776BD6 /* README.md */,
				FA44C9DA1A499BC400776BD6 /* LICENSE */,
				FAFB2EB41AF5E34500A8AB21 /* docs */,
			);
			path = PoseGalleryConfig;
			sourceTree = "<group>";
		};
		FAFB2E641AF32BD000A8AB21 /* application */ = {
			isa = PBXGroup;
			children = (
				FAFB2E651AF32BD000A8AB21 /* AppDelegate.swift */,
				FAE2502B1B06922000D792E3 /* DataModel.swift */,
			);
			path = application;
			sourceTree = "<group>";
		};
		FAFB2E661AF32BD000A8AB21 /* interface */ = {
			isa = PBXGroup;
			children = (
				FAFB2E671AF32BD000A8AB21 /* FirstViewController.swift */,
				FAFB2E681AF32BD000A8AB21 /* SecondViewController.swift */,
			);
			path = interface;
			sourceTree = "<group>";
		};
		FAFB2E691AF32BD000A8AB21 /* support */ = {
			isa = PBXGroup;
			children = (
				FAFB2E6A1AF32BD000A8AB21 /* ReportingAdapters.swift */,
				FAFB2E9C1AF58B0400A8AB21 /* ScreenTracking.swift */,
			);
			path = support;
			sourceTree = "<group>";
		};
/* End PBXGroup section */

/* Begin PBXNativeTarget section */
		FA46F0CD1CCED294002D33A0 /* PoseGalleryUITests */ = {
			isa = PBXNativeTarget;
			buildConfigurationList = FA46F0D51CCED294002D33A0 /* Build configuration list for PBXNativeTarget "PoseGalleryUITests" */;
			buildPhases = (
				FA46F0CA1CCED294002D33A0 /* Sources */,
				FA46F0CB1CCED294002D33A0 /* Frameworks */,
				FA46F0CC1CCED294002D33A0 /* Resources */,
			);
			buildRules = (
			);
			dependencies = (
				FA46F0D41CCED294002D33A0 /* PBXTargetDependency */,
			);
			name = PoseGalleryUITests;
			productName = PoseGalleryUITests;
			productReference = FA46F0CE1CCED294002D33A0 /* PoseGalleryUITests.xctest */;
			productType = "com.apple.product-type.bundle.ui-testing";
		};
		FA6E64A01A279B7700395E94 /* PoseGallery */ = {
			isa = PBXNativeTarget;
			buildConfigurationList = FA6E64C21A279B7800395E94 /* Build configuration list for PBXNativeTarget "PoseGallery" */;
			buildPhases = (
				FAB13F011A38789E0053620A /* Run script_build_begin.sh */,
				FA6E649D1A279B7700395E94 /* Sources */,
				FA6E649E1A279B7700395E94 /* Frameworks */,
				FA6E649F1A279B7700395E94 /* Resources */,
				FA8162481A3879110014EE14 /* Run script_build_end.sh */,
				FA52B52D1AF20E56008229D8 /* Embed Frameworks */,
			);
			buildRules = (
			);
			dependencies = (
			);
			name = PoseGallery;
			productName = PoseGallery;
			productReference = FA6E64A11A279B7700395E94 /* PoseGallery.app */;
			productType = "com.apple.product-type.application";
		};
		FA6E64B71A279B7800395E94 /* PoseGalleryTests */ = {
			isa = PBXNativeTarget;
			buildConfigurationList = FA6E64C51A279B7800395E94 /* Build configuration list for PBXNativeTarget "PoseGalleryTests" */;
			buildPhases = (
				FA6E64B41A279B7800395E94 /* Sources */,
				FA6E64B51A279B7800395E94 /* Frameworks */,
				FA6E64B61A279B7800395E94 /* Resources */,
			);
			buildRules = (
			);
			dependencies = (
				FA6E64BA1A279B7800395E94 /* PBXTargetDependency */,
			);
			name = PoseGalleryTests;
			productName = PoseGalleryTests;
			productReference = FA6E64B81A279B7800395E94 /* PoseGalleryTests.xctest */;
			productType = "com.apple.product-type.bundle.unit-test";
		};
/* End PBXNativeTarget section */

/* Begin PBXProject section */
		FA6E64991A279B7700395E94 /* Project object */ = {
			isa = PBXProject;
			attributes = {
				LastSwiftUpdateCheck = 0730;
				LastUpgradeCheck = 0730;
				ORGANIZATIONNAME = "Trollwerks Inc.";
				TargetAttributes = {
					FA16E4F91AEB6D85005425F8 = {
						CreatedOnToolsVersion = 6.3.1;
					};
					FA46F0CD1CCED294002D33A0 = {
						CreatedOnToolsVersion = 7.3;
						TestTargetID = FA6E64A01A279B7700395E94;
					};
					FA6E64A01A279B7700395E94 = {
						CreatedOnToolsVersion = 6.1;
						DevelopmentTeam = 556343DW3U;
					};
					FA6E64B71A279B7800395E94 = {
						CreatedOnToolsVersion = 6.1;
						TestTargetID = FA6E64A01A279B7700395E94;
					};
				};
			};
			buildConfigurationList = FA6E649C1A279B7700395E94 /* Build configuration list for PBXProject "PoseGallery" */;
			compatibilityVersion = "Xcode 3.2";
			developmentRegion = English;
			hasScannedForEncodings = 0;
			knownRegions = (
				en,
				Base,
			);
			mainGroup = FA6E64981A279B7700395E94;
			productRefGroup = FA6E64A21A279B7700395E94 /* Products */;
			projectDirPath = "";
			projectRoot = "";
			targets = (
				FA6E64A01A279B7700395E94 /* PoseGallery */,
				FA6E64B71A279B7800395E94 /* PoseGalleryTests */,
				FA46F0CD1CCED294002D33A0 /* PoseGalleryUITests */,
				FA16E4F91AEB6D85005425F8 /* Documentation */,
			);
		};
/* End PBXProject section */

/* Begin PBXResourcesBuildPhase section */
		FA46F0CC1CCED294002D33A0 /* Resources */ = {
			isa = PBXResourcesBuildPhase;
			buildActionMask = 2147483647;
			files = (
			);
			runOnlyForDeploymentPostprocessing = 0;
		};
		FA6E649F1A279B7700395E94 /* Resources */ = {
			isa = PBXResourcesBuildPhase;
			buildActionMask = 2147483647;
			files = (
				FA6E39BC1AF96949006E0C18 /* Localizable.strings in Resources */,
				FAD9A7E61A4F7F6A000DE885 /* Settings.bundle in Resources */,
				FA38C2C21A38A69900A76606 /* Main.storyboard in Resources */,
				FA82DD4D1CE6E88300249728 /* .swiftlint.yml in Resources */,
				FA82DD4C1CE6E88300249728 /* .slather.yml in Resources */,
				FA38C2BF1A38A67A00A76606 /* LaunchScreen.xib in Resources */,
				FA6E64B01A279B7700395E94 /* Images.xcassets in Resources */,
			);
			runOnlyForDeploymentPostprocessing = 0;
		};
		FA6E64B61A279B7800395E94 /* Resources */ = {
			isa = PBXResourcesBuildPhase;
			buildActionMask = 2147483647;
			files = (
			);
			runOnlyForDeploymentPostprocessing = 0;
		};
/* End PBXResourcesBuildPhase section */

/* Begin PBXShellScriptBuildPhase section */
		FA16E4FE1AEB6D9E005425F8 /* ShellScript */ = {
			isa = PBXShellScriptBuildPhase;
			buildActionMask = 2147483647;
			files = (
			);
			inputPaths = (
			);
			outputPaths = (
			);
			runOnlyForDeploymentPostprocessing = 0;
			shellPath = /bin/sh;
			shellScript = "PATH=$(bash -l -c 'echo $PATH')\n\njazzy --clean --author \"Alex Curylo\" --author_url \"http://www.alexcurylo.com\" --module PoseGallery --min-acl private --readme ../README.md --github_url \"https://github.com/alexcurylo/swift-pose-gallery\"\n";
		};
		FA8162481A3879110014EE14 /* Run script_build_end.sh */ = {
			isa = PBXShellScriptBuildPhase;
			buildActionMask = 2147483647;
			files = (
			);
			inputPaths = (
			);
			name = "Run script_build_end.sh";
			outputPaths = (
			);
			runOnlyForDeploymentPostprocessing = 0;
			shellPath = /bin/sh;
			shellScript = "script_file=\"script_build_end.sh\"\n\necho \"Running a custom build phase script: $script_file\"\n. \"${PROJECT_DIR}/PoseGalleryConfig/${script_file}\"\nscriptExitStatus=$?\n\necho \"DONE with script: ${script_file} (exitStatus=${scriptExitStatus})\"\n\nexit \"${scriptExitStatus}\"";
		};
		FAB13F011A38789E0053620A /* Run script_build_begin.sh */ = {
			isa = PBXShellScriptBuildPhase;
			buildActionMask = 2147483647;
			files = (
			);
			inputPaths = (
			);
			name = "Run script_build_begin.sh";
			outputPaths = (
			);
			runOnlyForDeploymentPostprocessing = 0;
			shellPath = /bin/sh;
			shellScript = "script_file=\"script_build_begin.sh\"\n\necho \"Running a custom build phase script: $script_file\"\n. \"${PROJECT_DIR}/PoseGalleryConfig/${script_file}\"\nscriptExitStatus=$?\n\necho \"DONE with script: ${script_file} (exitStatus=${scriptExitStatus})\"\n\nexit \"${scriptExitStatus}\"";
		};
/* End PBXShellScriptBuildPhase section */

/* Begin PBXSourcesBuildPhase section */
		FA46F0CA1CCED294002D33A0 /* Sources */ = {
			isa = PBXSourcesBuildPhase;
			buildActionMask = 2147483647;
			files = (
				FA46F0DB1CCED348002D33A0 /* PoseGalleryUITests.swift in Sources */,
			);
			runOnlyForDeploymentPostprocessing = 0;
		};
		FA6E649D1A279B7700395E94 /* Sources */ = {
			isa = PBXSourcesBuildPhase;
			buildActionMask = 2147483647;
			files = (
				FAFB2E6B1AF32BD000A8AB21 /* AppDelegate.swift in Sources */,
				FAE2502C1B06922000D792E3 /* DataModel.swift in Sources */,
				FAFB2E6C1AF32BD000A8AB21 /* FirstViewController.swift in Sources */,
				FAFB2E6E1AF32BD000A8AB21 /* ReportingAdapters.swift in Sources */,
				FAFB2E901AF4A33F00A8AB21 /* R.generated.swift in Sources */,
				FAFB2E9D1AF58B0400A8AB21 /* ScreenTracking.swift in Sources */,
				FAFB2E6D1AF32BD000A8AB21 /* SecondViewController.swift in Sources */,
			);
			runOnlyForDeploymentPostprocessing = 0;
		};
		FA6E64B41A279B7800395E94 /* Sources */ = {
			isa = PBXSourcesBuildPhase;
			buildActionMask = 2147483647;
			files = (
				FA6E64BF1A279B7800395E94 /* PoseGalleryTests.swift in Sources */,
				FAFB2E7A1AF47FEA00A8AB21 /* XCTest+Optionals.swift in Sources */,
			);
			runOnlyForDeploymentPostprocessing = 0;
		};
/* End PBXSourcesBuildPhase section */

/* Begin PBXTargetDependency section */
		FA46F0D41CCED294002D33A0 /* PBXTargetDependency */ = {
			isa = PBXTargetDependency;
			target = FA6E64A01A279B7700395E94 /* PoseGallery */;
			targetProxy = FA46F0D31CCED294002D33A0 /* PBXContainerItemProxy */;
		};
		FA6E64BA1A279B7800395E94 /* PBXTargetDependency */ = {
			isa = PBXTargetDependency;
			target = FA6E64A01A279B7700395E94 /* PoseGallery */;
			targetProxy = FA6E64B91A279B7800395E94 /* PBXContainerItemProxy */;
		};
/* End PBXTargetDependency section */

/* Begin PBXVariantGroup section */
		FA38C2BD1A38A67A00A76606 /* LaunchScreen.xib */ = {
			isa = PBXVariantGroup;
			children = (
				FA38C2BE1A38A67A00A76606 /* Base */,
			);
			name = LaunchScreen.xib;
			sourceTree = "<group>";
		};
		FA38C2C01A38A69900A76606 /* Main.storyboard */ = {
			isa = PBXVariantGroup;
			children = (
				FA38C2C11A38A69900A76606 /* Base */,
			);
			name = Main.storyboard;
			sourceTree = "<group>";
		};
		FA6E39BA1AF96949006E0C18 /* Localizable.strings */ = {
			isa = PBXVariantGroup;
			children = (
				FA6E39BB1AF96949006E0C18 /* Base */,
			);
			name = Localizable.strings;
			sourceTree = "<group>";
		};
/* End PBXVariantGroup section */

/* Begin XCBuildConfiguration section */
		FA16E4FA1AEB6D85005425F8 /* Debug */ = {
			isa = XCBuildConfiguration;
			buildSettings = {
			};
			name = Debug;
		};
		FA16E4FB1AEB6D85005425F8 /* Release */ = {
			isa = XCBuildConfiguration;
			buildSettings = {
			};
			name = Release;
		};
		FA16E4FC1AEB6D85005425F8 /* Adhoc */ = {
			isa = XCBuildConfiguration;
			buildSettings = {
			};
			name = Adhoc;
		};
		FA46F0D61CCED294002D33A0 /* Debug */ = {
			isa = XCBuildConfiguration;
			baseConfigurationReference = FA46F0E01CCED8C9002D33A0 /* PoseGalleryUITests_Debug.xcconfig */;
			buildSettings = {
			};
			name = Debug;
		};
		FA46F0D71CCED294002D33A0 /* Release */ = {
			isa = XCBuildConfiguration;
			baseConfigurationReference = FA46F0E11CCED8C9002D33A0 /* PoseGalleryUITests_Release.xcconfig */;
			buildSettings = {
			};
			name = Release;
		};
		FA46F0D81CCED294002D33A0 /* Adhoc */ = {
			isa = XCBuildConfiguration;
			baseConfigurationReference = FA46F0DE1CCED8C9002D33A0 /* PoseGalleryUITests_Adhoc.xcconfig */;
			buildSettings = {
			};
			name = Adhoc;
		};
		FA6E64C01A279B7800395E94 /* Debug */ = {
			isa = XCBuildConfiguration;
			baseConfigurationReference = FA3287E21AF08D8500B905DC /* project_Debug.xcconfig */;
			buildSettings = {
			};
			name = Debug;
		};
		FA6E64C11A279B7800395E94 /* Release */ = {
			isa = XCBuildConfiguration;
			baseConfigurationReference = FA3287E31AF08D8500B905DC /* project_Release.xcconfig */;
			buildSettings = {
			};
			name = Release;
		};
		FA6E64C31A279B7800395E94 /* Debug */ = {
			isa = XCBuildConfiguration;
			baseConfigurationReference = FA3287DA1AF08D8500B905DC /* PoseGallery_Debug.xcconfig */;
			buildSettings = {
			};
			name = Debug;
		};
		FA6E64C41A279B7800395E94 /* Release */ = {
			isa = XCBuildConfiguration;
			baseConfigurationReference = FA3287DB1AF08D8500B905DC /* PoseGallery_Release.xcconfig */;
			buildSettings = {
			};
			name = Release;
		};
		FA6E64C61A279B7800395E94 /* Debug */ = {
			isa = XCBuildConfiguration;
			baseConfigurationReference = FA3287DE1AF08D8500B905DC /* PoseGalleryTests_Debug.xcconfig */;
			buildSettings = {
			};
			name = Debug;
		};
		FA6E64C71A279B7800395E94 /* Release */ = {
			isa = XCBuildConfiguration;
			baseConfigurationReference = FA3287DF1AF08D8500B905DC /* PoseGalleryTests_Release.xcconfig */;
			buildSettings = {
			};
			name = Release;
		};
		FAD9A7E21A4F6425000DE885 /* Adhoc */ = {
			isa = XCBuildConfiguration;
			baseConfigurationReference = FA3287E01AF08D8500B905DC /* project_Adhoc.xcconfig */;
			buildSettings = {
			};
			name = Adhoc;
		};
		FAD9A7E31A4F6425000DE885 /* Adhoc */ = {
			isa = XCBuildConfiguration;
			baseConfigurationReference = FA3287D81AF08D8500B905DC /* PoseGallery_Adhoc.xcconfig */;
			buildSettings = {
			};
			name = Adhoc;
		};
		FAD9A7E41A4F6425000DE885 /* Adhoc */ = {
			isa = XCBuildConfiguration;
			baseConfigurationReference = FA3287DC1AF08D8500B905DC /* PoseGalleryTests_Adhoc.xcconfig */;
			buildSettings = {
			};
			name = Adhoc;
		};
/* End XCBuildConfiguration section */

/* Begin XCConfigurationList section */
		FA16E4FD1AEB6D85005425F8 /* Build configuration list for PBXAggregateTarget "Documentation" */ = {
			isa = XCConfigurationList;
			buildConfigurations = (
				FA16E4FA1AEB6D85005425F8 /* Debug */,
				FA16E4FB1AEB6D85005425F8 /* Release */,
				FA16E4FC1AEB6D85005425F8 /* Adhoc */,
			);
			defaultConfigurationIsVisible = 0;
			defaultConfigurationName = Release;
		};
		FA46F0D51CCED294002D33A0 /* Build configuration list for PBXNativeTarget "PoseGalleryUITests" */ = {
			isa = XCConfigurationList;
			buildConfigurations = (
				FA46F0D61CCED294002D33A0 /* Debug */,
				FA46F0D71CCED294002D33A0 /* Release */,
				FA46F0D81CCED294002D33A0 /* Adhoc */,
			);
			defaultConfigurationIsVisible = 0;
			defaultConfigurationName = Release;
		};
		FA6E649C1A279B7700395E94 /* Build configuration list for PBXProject "PoseGallery" */ = {
			isa = XCConfigurationList;
			buildConfigurations = (
				FA6E64C01A279B7800395E94 /* Debug */,
				FA6E64C11A279B7800395E94 /* Release */,
				FAD9A7E21A4F6425000DE885 /* Adhoc */,
			);
			defaultConfigurationIsVisible = 0;
			defaultConfigurationName = Release;
		};
		FA6E64C21A279B7800395E94 /* Build configuration list for PBXNativeTarget "PoseGallery" */ = {
			isa = XCConfigurationList;
			buildConfigurations = (
				FA6E64C31A279B7800395E94 /* Debug */,
				FA6E64C41A279B7800395E94 /* Release */,
				FAD9A7E31A4F6425000DE885 /* Adhoc */,
			);
			defaultConfigurationIsVisible = 0;
			defaultConfigurationName = Release;
		};
		FA6E64C51A279B7800395E94 /* Build configuration list for PBXNativeTarget "PoseGalleryTests" */ = {
			isa = XCConfigurationList;
			buildConfigurations = (
				FA6E64C61A279B7800395E94 /* Debug */,
				FA6E64C71A279B7800395E94 /* Release */,
				FAD9A7E41A4F6425000DE885 /* Adhoc */,
			);
			defaultConfigurationIsVisible = 0;
			defaultConfigurationName = Release;
		};
/* End XCConfigurationList section */
	};
	rootObject = FA6E64991A279B7700395E94 /* Project object */;
}
